
Microsoft Visual Studio Solution File, Format Version 12.00
# Visual Studio Version 17
VisualStudioVersion = 17.1.32328.378
MinimumVisualStudioVersion = 10.0.40219.1
Project("{2150E333-8FDC-42A3-9474-1A3956D46DE8}") = "Services", "Services", "{49C8A844-5979-4CAB-A92C-B4A65EB39523}"
EndProject
Project("{2150E333-8FDC-42A3-9474-1A3956D46DE8}") = "Catalog", "Catalog", "{FE814E73-ABDF-43FE-AFE0-E2F91DF75F34}"
EndProject
Project("{9A19103F-16F7-4668-BE54-9A1E7A4F7556}") = "Catalog.API", "Services\Catalog\Catalog.API\Catalog.API.csproj", "{172249C5-EF78-43DB-B004-8DB353AC6289}"
EndProject
Project("{2150E333-8FDC-42A3-9474-1A3956D46DE8}") = "Catalog.API.Test", "Catalog.API.Test", "{D08A6CAA-3C0A-4AAD-8BA9-93802809CEE7}"
EndProject
Project("{9A19103F-16F7-4668-BE54-9A1E7A4F7556}") = "CatalogAPITest", "CatalogAPITest\CatalogAPITest.csproj", "{598F2E87-BCDF-48B3-9A23-A21B71CB9B4B}"
EndProject
Project("{E53339B2-1760-4266-BCC7-CA923CBCF16C}") = "docker-compose", "docker-compose.dcproj", "{09586160-D2C9-4D76-B8DF-2F88590AAF29}"
EndProject
Project("{2150E333-8FDC-42A3-9474-1A3956D46DE8}") = "Basket", "Basket", "{49531C9B-8150-4E04-9555-9E10CD4DA7E5}"
EndProject
Project("{9A19103F-16F7-4668-BE54-9A1E7A4F7556}") = "Basket.API", "Services\Basket\Basket.API\Basket.API.csproj", "{C61730DF-984A-4962-B2D2-70DFF179C3E5}"
EndProject
Project("{2150E333-8FDC-42A3-9474-1A3956D46DE8}") = "Basket.API.Test", "Basket.API.Test", "{E6FF4843-B1D7-4171-AC24-DEF82B5E3721}"
EndProject
Project("{9A19103F-16F7-4668-BE54-9A1E7A4F7556}") = "BasketAPITest", "Services\Basket\BasketAPITest\BasketAPITest.csproj", "{58C1F038-A2F6-4146-A83B-BE68EC7BBC96}"
EndProject
Project("{2150E333-8FDC-42A3-9474-1A3956D46DE8}") = "Discount", "Discount", "{C0FCDA79-3EBF-4000-94F7-2427E74E996B}"
EndProject
Project("{9A19103F-16F7-4668-BE54-9A1E7A4F7556}") = "Discount.API", "Services\Discount\Discount.API\Discount.API.csproj", "{07206A11-58EE-4E31-844A-7FBA2856F8A7}"
EndProject
Project("{2150E333-8FDC-42A3-9474-1A3956D46DE8}") = "Discount.API.Test", "Discount.API.Test", "{C6FC3CD5-A61E-4789-8BBF-1E7C1BC92BC6}"
EndProject
Project("{9A19103F-16F7-4668-BE54-9A1E7A4F7556}") = "DiscountAPITest", "Services\Discount\DiscountAPITest\DiscountAPITest.csproj", "{DBE81E41-89FF-4B95-A0C1-38EA3D64C02C}"
EndProject
Project("{9A19103F-16F7-4668-BE54-9A1E7A4F7556}") = "Discount.Grpc", "Services\Discount\Discount.Grpc\Discount.Grpc.csproj", "{C1F36D6E-BE01-4B72-9E8C-D60E2B1FB2B7}"
EndProject
Project("{2150E333-8FDC-42A3-9474-1A3956D46DE8}") = "Ordering", "Ordering", "{C253380C-BF7F-4727-95EB-1624D13E52D5}"
EndProject
Project("{9A19103F-16F7-4668-BE54-9A1E7A4F7556}") = "Ordering.API", "Services\Ordering\Ordering.API\Ordering.API.csproj", "{B8B096D9-3957-454C-8C54-35F1E13C3009}"
EndProject
Project("{9A19103F-16F7-4668-BE54-9A1E7A4F7556}") = "Ordering.Domain", "Services\Ordering\Ordering.Domain\Ordering.Domain.csproj", "{BF258077-0C0E-476E-9054-2ECA25B80035}"
EndProject
Project("{9A19103F-16F7-4668-BE54-9A1E7A4F7556}") = "Ordering.Application", "Services\Ordering\Ordering.Application\Ordering.Application.csproj", "{14671FFD-132E-4026-84A0-AD580FB727BD}"
EndProject
Project("{9A19103F-16F7-4668-BE54-9A1E7A4F7556}") = "OrderingApplication.Tests", "Services\Ordering\Ordering.Tests\OrderingApplication.Tests.csproj", "{DEDE8DC5-C535-49BC-88AE-4B9168EFFF78}"
EndProject
Project("{9A19103F-16F7-4668-BE54-9A1E7A4F7556}") = "Ordering.Infrastructure", "Services\Ordering\Ordering.Infrastructure\Ordering.Infrastructure.csproj", "{A207956A-E1D3-4335-B249-8910F4093662}"
EndProject
Project("{2150E333-8FDC-42A3-9474-1A3956D46DE8}") = "Ordering.API.Test", "Ordering.API.Test", "{A6A4EBF5-8B6C-4A7E-9254-9C58FC24A091}"
EndProject
Project("{9A19103F-16F7-4668-BE54-9A1E7A4F7556}") = "OrderingAPITest", "Services\Ordering\Ordering.API.Test\OrderingAPITest\OrderingAPITest.csproj", "{612051C4-864C-4ED9-B645-6500EBD44BAA}"
EndProject
Project("{2150E333-8FDC-42A3-9474-1A3956D46DE8}") = "Controller", "Controller", "{408AF9DB-5BC4-47B8-8F02-1AD8A604C2D6}"
EndProject
Project("{FAE04EC0-301F-11D3-BF4B-00C04F79EFBC}") = "Ordering.Infrasture.Test", "Services\Ordering\Ordering.Infrasture.Test\Ordering.Infrasture.Test.csproj", "{5E6E748B-14BE-44C3-89C3-5BBDE686EAB5}"
EndProject
Global
	GlobalSection(SolutionConfigurationPlatforms) = preSolution
		Debug|Any CPU = Debug|Any CPU
		Release|Any CPU = Release|Any CPU
	EndGlobalSection
	GlobalSection(ProjectConfigurationPlatforms) = postSolution
		{172249C5-EF78-43DB-B004-8DB353AC6289}.Debug|Any CPU.ActiveCfg = Debug|Any CPU
		{172249C5-EF78-43DB-B004-8DB353AC6289}.Debug|Any CPU.Build.0 = Debug|Any CPU
		{172249C5-EF78-43DB-B004-8DB353AC6289}.Release|Any CPU.ActiveCfg = Release|Any CPU
		{172249C5-EF78-43DB-B004-8DB353AC6289}.Release|Any CPU.Build.0 = Release|Any CPU
		{598F2E87-BCDF-48B3-9A23-A21B71CB9B4B}.Debug|Any CPU.ActiveCfg = Debug|Any CPU
		{598F2E87-BCDF-48B3-9A23-A21B71CB9B4B}.Debug|Any CPU.Build.0 = Debug|Any CPU
		{598F2E87-BCDF-48B3-9A23-A21B71CB9B4B}.Release|Any CPU.ActiveCfg = Release|Any CPU
		{598F2E87-BCDF-48B3-9A23-A21B71CB9B4B}.Release|Any CPU.Build.0 = Release|Any CPU
		{09586160-D2C9-4D76-B8DF-2F88590AAF29}.Debug|Any CPU.ActiveCfg = Debug|Any CPU
		{09586160-D2C9-4D76-B8DF-2F88590AAF29}.Debug|Any CPU.Build.0 = Debug|Any CPU
		{09586160-D2C9-4D76-B8DF-2F88590AAF29}.Release|Any CPU.ActiveCfg = Release|Any CPU
		{09586160-D2C9-4D76-B8DF-2F88590AAF29}.Release|Any CPU.Build.0 = Release|Any CPU
		{C61730DF-984A-4962-B2D2-70DFF179C3E5}.Debug|Any CPU.ActiveCfg = Debug|Any CPU
		{C61730DF-984A-4962-B2D2-70DFF179C3E5}.Debug|Any CPU.Build.0 = Debug|Any CPU
		{C61730DF-984A-4962-B2D2-70DFF179C3E5}.Release|Any CPU.ActiveCfg = Release|Any CPU
		{C61730DF-984A-4962-B2D2-70DFF179C3E5}.Release|Any CPU.Build.0 = Release|Any CPU
		{58C1F038-A2F6-4146-A83B-BE68EC7BBC96}.Debug|Any CPU.ActiveCfg = Debug|Any CPU
		{58C1F038-A2F6-4146-A83B-BE68EC7BBC96}.Debug|Any CPU.Build.0 = Debug|Any CPU
		{58C1F038-A2F6-4146-A83B-BE68EC7BBC96}.Release|Any CPU.ActiveCfg = Release|Any CPU
		{58C1F038-A2F6-4146-A83B-BE68EC7BBC96}.Release|Any CPU.Build.0 = Release|Any CPU
		{07206A11-58EE-4E31-844A-7FBA2856F8A7}.Debug|Any CPU.ActiveCfg = Debug|Any CPU
		{07206A11-58EE-4E31-844A-7FBA2856F8A7}.Debug|Any CPU.Build.0 = Debug|Any CPU
		{07206A11-58EE-4E31-844A-7FBA2856F8A7}.Release|Any CPU.ActiveCfg = Release|Any CPU
		{07206A11-58EE-4E31-844A-7FBA2856F8A7}.Release|Any CPU.Build.0 = Release|Any CPU
		{DBE81E41-89FF-4B95-A0C1-38EA3D64C02C}.Debug|Any CPU.ActiveCfg = Debug|Any CPU
		{DBE81E41-89FF-4B95-A0C1-38EA3D64C02C}.Debug|Any CPU.Build.0 = Debug|Any CPU
		{DBE81E41-89FF-4B95-A0C1-38EA3D64C02C}.Release|Any CPU.ActiveCfg = Release|Any CPU
		{DBE81E41-89FF-4B95-A0C1-38EA3D64C02C}.Release|Any CPU.Build.0 = Release|Any CPU
		{C1F36D6E-BE01-4B72-9E8C-D60E2B1FB2B7}.Debug|Any CPU.ActiveCfg = Debug|Any CPU
		{C1F36D6E-BE01-4B72-9E8C-D60E2B1FB2B7}.Debug|Any CPU.Build.0 = Debug|Any CPU
		{C1F36D6E-BE01-4B72-9E8C-D60E2B1FB2B7}.Release|Any CPU.ActiveCfg = Release|Any CPU
		{C1F36D6E-BE01-4B72-9E8C-D60E2B1FB2B7}.Release|Any CPU.Build.0 = Release|Any CPU
		{B8B096D9-3957-454C-8C54-35F1E13C3009}.Debug|Any CPU.ActiveCfg = Debug|Any CPU
		{B8B096D9-3957-454C-8C54-35F1E13C3009}.Debug|Any CPU.Build.0 = Debug|Any CPU
		{B8B096D9-3957-454C-8C54-35F1E13C3009}.Release|Any CPU.ActiveCfg = Release|Any CPU
		{B8B096D9-3957-454C-8C54-35F1E13C3009}.Release|Any CPU.Build.0 = Release|Any CPU
		{BF258077-0C0E-476E-9054-2ECA25B80035}.Debug|Any CPU.ActiveCfg = Debug|Any CPU
		{BF258077-0C0E-476E-9054-2ECA25B80035}.Debug|Any CPU.Build.0 = Debug|Any CPU
		{BF258077-0C0E-476E-9054-2ECA25B80035}.Release|Any CPU.ActiveCfg = Release|Any CPU
		{BF258077-0C0E-476E-9054-2ECA25B80035}.Release|Any CPU.Build.0 = Release|Any CPU
		{14671FFD-132E-4026-84A0-AD580FB727BD}.Debug|Any CPU.ActiveCfg = Debug|Any CPU
		{14671FFD-132E-4026-84A0-AD580FB727BD}.Debug|Any CPU.Build.0 = Debug|Any CPU
		{14671FFD-132E-4026-84A0-AD580FB727BD}.Release|Any CPU.ActiveCfg = Release|Any CPU
		{14671FFD-132E-4026-84A0-AD580FB727BD}.Release|Any CPU.Build.0 = Release|Any CPU
		{DEDE8DC5-C535-49BC-88AE-4B9168EFFF78}.Debug|Any CPU.ActiveCfg = Debug|Any CPU
		{DEDE8DC5-C535-49BC-88AE-4B9168EFFF78}.Debug|Any CPU.Build.0 = Debug|Any CPU
		{DEDE8DC5-C535-49BC-88AE-4B9168EFFF78}.Release|Any CPU.ActiveCfg = Release|Any CPU
		{DEDE8DC5-C535-49BC-88AE-4B9168EFFF78}.Release|Any CPU.Build.0 = Release|Any CPU
		{A207956A-E1D3-4335-B249-8910F4093662}.Debug|Any CPU.ActiveCfg = Debug|Any CPU
		{A207956A-E1D3-4335-B249-8910F4093662}.Debug|Any CPU.Build.0 = Debug|Any CPU
		{A207956A-E1D3-4335-B249-8910F4093662}.Release|Any CPU.ActiveCfg = Release|Any CPU
		{A207956A-E1D3-4335-B249-8910F4093662}.Release|Any CPU.Build.0 = Release|Any CPU
		{612051C4-864C-4ED9-B645-6500EBD44BAA}.Debug|Any CPU.ActiveCfg = Debug|Any CPU
		{612051C4-864C-4ED9-B645-6500EBD44BAA}.Debug|Any CPU.Build.0 = Debug|Any CPU
		{612051C4-864C-4ED9-B645-6500EBD44BAA}.Release|Any CPU.ActiveCfg = Release|Any CPU
		{612051C4-864C-4ED9-B645-6500EBD44BAA}.Release|Any CPU.Build.0 = Release|Any CPU
		{5E6E748B-14BE-44C3-89C3-5BBDE686EAB5}.Debug|Any CPU.ActiveCfg = Debug|Any CPU
		{5E6E748B-14BE-44C3-89C3-5BBDE686EAB5}.Debug|Any CPU.Build.0 = Debug|Any CPU
		{5E6E748B-14BE-44C3-89C3-5BBDE686EAB5}.Release|Any CPU.ActiveCfg = Release|Any CPU
		{5E6E748B-14BE-44C3-89C3-5BBDE686EAB5}.Release|Any CPU.Build.0 = Release|Any CPU
	EndGlobalSection
	GlobalSection(SolutionProperties) = preSolution
		HideSolutionNode = FALSE
	EndGlobalSection
	GlobalSection(NestedProjects) = preSolution
		{FE814E73-ABDF-43FE-AFE0-E2F91DF75F34} = {49C8A844-5979-4CAB-A92C-B4A65EB39523}
		{172249C5-EF78-43DB-B004-8DB353AC6289} = {FE814E73-ABDF-43FE-AFE0-E2F91DF75F34}
		{D08A6CAA-3C0A-4AAD-8BA9-93802809CEE7} = {FE814E73-ABDF-43FE-AFE0-E2F91DF75F34}
		{598F2E87-BCDF-48B3-9A23-A21B71CB9B4B} = {D08A6CAA-3C0A-4AAD-8BA9-93802809CEE7}
		{49531C9B-8150-4E04-9555-9E10CD4DA7E5} = {49C8A844-5979-4CAB-A92C-B4A65EB39523}
		{C61730DF-984A-4962-B2D2-70DFF179C3E5} = {49531C9B-8150-4E04-9555-9E10CD4DA7E5}
		{E6FF4843-B1D7-4171-AC24-DEF82B5E3721} = {49531C9B-8150-4E04-9555-9E10CD4DA7E5}
		{58C1F038-A2F6-4146-A83B-BE68EC7BBC96} = {E6FF4843-B1D7-4171-AC24-DEF82B5E3721}
		{C0FCDA79-3EBF-4000-94F7-2427E74E996B} = {49C8A844-5979-4CAB-A92C-B4A65EB39523}
		{07206A11-58EE-4E31-844A-7FBA2856F8A7} = {C0FCDA79-3EBF-4000-94F7-2427E74E996B}
		{C6FC3CD5-A61E-4789-8BBF-1E7C1BC92BC6} = {C0FCDA79-3EBF-4000-94F7-2427E74E996B}
		{DBE81E41-89FF-4B95-A0C1-38EA3D64C02C} = {C6FC3CD5-A61E-4789-8BBF-1E7C1BC92BC6}
		{C1F36D6E-BE01-4B72-9E8C-D60E2B1FB2B7} = {C0FCDA79-3EBF-4000-94F7-2427E74E996B}
		{C253380C-BF7F-4727-95EB-1624D13E52D5} = {49C8A844-5979-4CAB-A92C-B4A65EB39523}
		{B8B096D9-3957-454C-8C54-35F1E13C3009} = {C253380C-BF7F-4727-95EB-1624D13E52D5}
		{BF258077-0C0E-476E-9054-2ECA25B80035} = {C253380C-BF7F-4727-95EB-1624D13E52D5}
		{14671FFD-132E-4026-84A0-AD580FB727BD} = {C253380C-BF7F-4727-95EB-1624D13E52D5}
		{DEDE8DC5-C535-49BC-88AE-4B9168EFFF78} = {C253380C-BF7F-4727-95EB-1624D13E52D5}
		{A207956A-E1D3-4335-B249-8910F4093662} = {C253380C-BF7F-4727-95EB-1624D13E52D5}
		{A6A4EBF5-8B6C-4A7E-9254-9C58FC24A091} = {C253380C-BF7F-4727-95EB-1624D13E52D5}
		{612051C4-864C-4ED9-B645-6500EBD44BAA} = {A6A4EBF5-8B6C-4A7E-9254-9C58FC24A091}
		{408AF9DB-5BC4-47B8-8F02-1AD8A604C2D6} = {A6A4EBF5-8B6C-4A7E-9254-9C58FC24A091}
		{5E6E748B-14BE-44C3-89C3-5BBDE686EAB5} = {C253380C-BF7F-4727-95EB-1624D13E52D5}
	EndGlobalSection
	GlobalSection(ExtensibilityGlobals) = postSolution
		SolutionGuid = {1CEBDD8C-E723-42AB-A8BE-076A6819C96B}
	EndGlobalSection
EndGlobal
